
Microsoft Visual Studio Solution File, Format Version 12.00
# Visual Studio 15
VisualStudioVersion = 15.0.28010.2016
MinimumVisualStudioVersion = 10.0.40219.1
Project("{FAE04EC0-301F-11D3-BF4B-00C04F79EFBC}") = "3342_TermProject_API", "3342_TermProject_API\3342_TermProject_API.csproj", "{B9C41046-9441-401A-BBD8-19442E01C85A}"
EndProject
Global
	GlobalSection(SolutionConfigurationPlatforms) = preSolution
		Debug|Any CPU = Debug|Any CPU
		Release|Any CPU = Release|Any CPU
	EndGlobalSection
	GlobalSection(ProjectConfigurationPlatforms) = postSolution
		{B9C41046-9441-401A-BBD8-19442E01C85A}.Debug|Any CPU.ActiveCfg = Debug|Any CPU
		{B9C41046-9441-401A-BBD8-19442E01C85A}.Debug|Any CPU.Build.0 = Debug|Any CPU
		{B9C41046-9441-401A-BBD8-19442E01C85A}.Release|Any CPU.ActiveCfg = Release|Any CPU
		{B9C41046-9441-401A-BBD8-19442E01C85A}.Release|Any CPU.Build.0 = Release|Any CPU
	EndGlobalSection
	GlobalSection(SolutionProperties) = preSolution
		HideSolutionNode = FALSE
	EndGlobalSection
	GlobalSection(ExtensibilityGlobals) = postSolution
		SolutionGuid = {6B2555E6-9C94-45C3-AD28-78356E13A8FC}
	EndGlobalSection
EndGlobal
